
Microsoft Visual Studio Solution File, Format Version 12.00
# Visual Studio 15
VisualStudioVersion = 15.0.28307.1000
MinimumVisualStudioVersion = 10.0.40219.1
Project("{FAE04EC0-301F-11D3-BF4B-00C04F79EFBC}") = "WebApplication2", "WebApplication2\WebApplication2.csproj", "{5577E249-02CF-49B4-8654-828573254EAA}"
EndProject
Global
	GlobalSection(SolutionConfigurationPlatforms) = preSolution
		Debug|Any CPU = Debug|Any CPU
		Release|Any CPU = Release|Any CPU
	EndGlobalSection
	GlobalSection(ProjectConfigurationPlatforms) = postSolution
		{5577E249-02CF-49B4-8654-828573254EAA}.Debug|Any CPU.ActiveCfg = Debug|Any CPU
		{5577E249-02CF-49B4-8654-828573254EAA}.Debug|Any CPU.Build.0 = Debug|Any CPU
		{5577E249-02CF-49B4-8654-828573254EAA}.Release|Any CPU.ActiveCfg = Release|Any CPU
		{5577E249-02CF-49B4-8654-828573254EAA}.Release|Any CPU.Build.0 = Release|Any CPU
	EndGlobalSection
	GlobalSection(SolutionProperties) = preSolution
		HideSolutionNode = FALSE
	EndGlobalSection
	GlobalSection(ExtensibilityGlobals) = postSolution
		SolutionGuid = {0C8237BE-4E47-4F6C-A6A2-2D2D22C4275F}
	EndGlobalSection
EndGlobal
